// !$*UTF8*$!
{
	archiveVersion = 1;
	classes = {
	};
	objectVersion = 50;
	objects = {

/* Begin PBXBuildFile section */
		279A1A1324E869FD0030BCFA /* RatingControl.swift in Sources */ = {isa = PBXBuildFile; fileRef = 279A1A1224E869FD0030BCFA /* RatingControl.swift */; };
		27BB231124DF4C7B007B1A71 /* AppDelegate.swift in Sources */ = {isa = PBXBuildFile; fileRef = 27BB231024DF4C7B007B1A71 /* AppDelegate.swift */; };
		27BB231324DF4C7B007B1A71 /* SceneDelegate.swift in Sources */ = {isa = PBXBuildFile; fileRef = 27BB231224DF4C7B007B1A71 /* SceneDelegate.swift */; };
		27BB231524DF4C7B007B1A71 /* ViewController.swift in Sources */ = {isa = PBXBuildFile; fileRef = 27BB231424DF4C7B007B1A71 /* ViewController.swift */; };
		27BB231824DF4C7B007B1A71 /* Main.storyboard in Resources */ = {isa = PBXBuildFile; fileRef = 27BB231624DF4C7B007B1A71 /* Main.storyboard */; };
		27BB231A24DF4C7D007B1A71 /* Assets.xcassets in Resources */ = {isa = PBXBuildFile; fileRef = 27BB231924DF4C7D007B1A71 /* Assets.xcassets */; };
		27BB231D24DF4C7D007B1A71 /* LaunchScreen.storyboard in Resources */ = {isa = PBXBuildFile; fileRef = 27BB231B24DF4C7D007B1A71 /* LaunchScreen.storyboard */; };
		27BB232824DF4C7E007B1A71 /* Food_TrackerTests.swift in Sources */ = {isa = PBXBuildFile; fileRef = 27BB232724DF4C7E007B1A71 /* Food_TrackerTests.swift */; };
/* End PBXBuildFile section */

/* Begin PBXContainerItemProxy section */
		27BB232424DF4C7E007B1A71 /* PBXContainerItemProxy */ = {
			isa = PBXContainerItemProxy;
			containerPortal = 27BB230524DF4C7B007B1A71 /* Project object */;
			proxyType = 1;
			remoteGlobalIDString = 27BB230C24DF4C7B007B1A71;
			remoteInfo = "Food Tracker";
		};
/* End PBXContainerItemProxy section */

/* Begin PBXFileReference section */
		279A1A1224E869FD0030BCFA /* RatingControl.swift */ = {isa = PBXFileReference; lastKnownFileType = sourcecode.swift; path = RatingControl.swift; sourceTree = "<group>"; };
		27BB230D24DF4C7B007B1A71 /* Food Tracker.app */ = {isa = PBXFileReference; explicitFileType = wrapper.application; includeInIndex = 0; path = "Food Tracker.app"; sourceTree = BUILT_PRODUCTS_DIR; };
		27BB231024DF4C7B007B1A71 /* AppDelegate.swift */ = {isa = PBXFileReference; lastKnownFileType = sourcecode.swift; path = AppDelegate.swift; sourceTree = "<group>"; };
		27BB231224DF4C7B007B1A71 /* SceneDelegate.swift */ = {isa = PBXFileReference; lastKnownFileType = sourcecode.swift; path = SceneDelegate.swift; sourceTree = "<group>"; };
		27BB231424DF4C7B007B1A71 /* ViewController.swift */ = {isa = PBXFileReference; lastKnownFileType = sourcecode.swift; path = ViewController.swift; sourceTree = "<group>"; };
		27BB231724DF4C7B007B1A71 /* Base */ = {isa = PBXFileReference; lastKnownFileType = file.storyboard; name = Base; path = Base.lproj/Main.storyboard; sourceTree = "<group>"; };
		27BB231924DF4C7D007B1A71 /* Assets.xcassets */ = {isa = PBXFileReference; lastKnownFileType = folder.assetcatalog; path = Assets.xcassets; sourceTree = "<group>"; };
		27BB231C24DF4C7D007B1A71 /* Base */ = {isa = PBXFileReference; lastKnownFileType = file.storyboard; name = Base; path = Base.lproj/LaunchScreen.storyboard; sourceTree = "<group>"; };
		27BB231E24DF4C7D007B1A71 /* Info.plist */ = {isa = PBXFileReference; lastKnownFileType = text.plist.xml; path = Info.plist; sourceTree = "<group>"; };
		27BB232324DF4C7E007B1A71 /* Food TrackerTests.xctest */ = {isa = PBXFileReference; explicitFileType = wrapper.cfbundle; includeInIndex = 0; path = "Food TrackerTests.xctest"; sourceTree = BUILT_PRODUCTS_DIR; };
		27BB232724DF4C7E007B1A71 /* Food_TrackerTests.swift */ = {isa = PBXFileReference; lastKnownFileType = sourcecode.swift; path = Food_TrackerTests.swift; sourceTree = "<group>"; };
		27BB232924DF4C7E007B1A71 /* Info.plist */ = {isa = PBXFileReference; lastKnownFileType = text.plist.xml; path = Info.plist; sourceTree = "<group>"; };
/* End PBXFileReference section */

/* Begin PBXFrameworksBuildPhase section */
		27BB230A24DF4C7B007B1A71 /* Frameworks */ = {
			isa = PBXFrameworksBuildPhase;
			buildActionMask = 2147483647;
			files = (
			);
			runOnlyForDeploymentPostprocessing = 0;
		};
		27BB232024DF4C7E007B1A71 /* Frameworks */ = {
			isa = PBXFrameworksBuildPhase;
			buildActionMask = 2147483647;
			files = (
			);
			runOnlyForDeploymentPostprocessing = 0;
		};
/* End PBXFrameworksBuildPhase section */

/* Begin PBXGroup section */
		27BB230424DF4C7B007B1A71 = {
			isa = PBXGroup;
			children = (
				27BB230F24DF4C7B007B1A71 /* Food Tracker */,
				27BB232624DF4C7E007B1A71 /* Food TrackerTests */,
				27BB230E24DF4C7B007B1A71 /* Products */,
			);
			sourceTree = "<group>";
		};
		27BB230E24DF4C7B007B1A71 /* Products */ = {
			isa = PBXGroup;
			children = (
				27BB230D24DF4C7B007B1A71 /* Food Tracker.app */,
				27BB232324DF4C7E007B1A71 /* Food TrackerTests.xctest */,
			);
			name = Products;
			sourceTree = "<group>";
		};
		27BB230F24DF4C7B007B1A71 /* Food Tracker */ = {
			isa = PBXGroup;
			children = (
				27BB231024DF4C7B007B1A71 /* AppDelegate.swift */,
				27BB231224DF4C7B007B1A71 /* SceneDelegate.swift */,
				27BB231424DF4C7B007B1A71 /* ViewController.swift */,
				27BB231624DF4C7B007B1A71 /* Main.storyboard */,
				279A1A1224E869FD0030BCFA /* RatingControl.swift */,
				27BB231924DF4C7D007B1A71 /* Assets.xcassets */,
				27BB231B24DF4C7D007B1A71 /* LaunchScreen.storyboard */,
				27BB231E24DF4C7D007B1A71 /* Info.plist */,
			);
			path = "Food Tracker";
			sourceTree = "<group>";
		};
		27BB232624DF4C7E007B1A71 /* Food TrackerTests */ = {
			isa = PBXGroup;
			children = (
				27BB232724DF4C7E007B1A71 /* Food_TrackerTests.swift */,
				27BB232924DF4C7E007B1A71 /* Info.plist */,
			);
			path = "Food TrackerTests";
			sourceTree = "<group>";
		};
/* End PBXGroup section */

/* Begin PBXNativeTarget section */
		27BB230C24DF4C7B007B1A71 /* Food Tracker */ = {
			isa = PBXNativeTarget;
			buildConfigurationList = 27BB232C24DF4C7E007B1A71 /* Build configuration list for PBXNativeTarget "Food Tracker" */;
			buildPhases = (
				27BB230924DF4C7B007B1A71 /* Sources */,
				27BB230A24DF4C7B007B1A71 /* Frameworks */,
				27BB230B24DF4C7B007B1A71 /* Resources */,
			);
			buildRules = (
			);
			dependencies = (
			);
			name = "Food Tracker";
			productName = "Food Tracker";
			productReference = 27BB230D24DF4C7B007B1A71 /* Food Tracker.app */;
			productType = "com.apple.product-type.application";
		};
		27BB232224DF4C7E007B1A71 /* Food TrackerTests */ = {
			isa = PBXNativeTarget;
			buildConfigurationList = 27BB232F24DF4C7E007B1A71 /* Build configuration list for PBXNativeTarget "Food TrackerTests" */;
			buildPhases = (
				27BB231F24DF4C7E007B1A71 /* Sources */,
				27BB232024DF4C7E007B1A71 /* Frameworks */,
				27BB232124DF4C7E007B1A71 /* Resources */,
			);
			buildRules = (
			);
			dependencies = (
				27BB232524DF4C7E007B1A71 /* PBXTargetDependency */,
			);
			name = "Food TrackerTests";
			productName = "Food TrackerTests";
			productReference = 27BB232324DF4C7E007B1A71 /* Food TrackerTests.xctest */;
			productType = "com.apple.product-type.bundle.unit-test";
		};
/* End PBXNativeTarget section */

/* Begin PBXProject section */
		27BB230524DF4C7B007B1A71 /* Project object */ = {
			isa = PBXProject;
			attributes = {
				LastSwiftUpdateCheck = 1160;
				LastUpgradeCheck = 1160;
				ORGANIZATIONNAME = "Alessandro Allegranzi";
				TargetAttributes = {
					27BB230C24DF4C7B007B1A71 = {
						CreatedOnToolsVersion = 11.6;
					};
					27BB232224DF4C7E007B1A71 = {
						CreatedOnToolsVersion = 11.6;
						TestTargetID = 27BB230C24DF4C7B007B1A71;
					};
				};
			};
			buildConfigurationList = 27BB230824DF4C7B007B1A71 /* Build configuration list for PBXProject "Food Tracker" */;
			compatibilityVersion = "Xcode 9.3";
			developmentRegion = en;
			hasScannedForEncodings = 0;
			knownRegions = (
				en,
				Base,
			);
			mainGroup = 27BB230424DF4C7B007B1A71;
			productRefGroup = 27BB230E24DF4C7B007B1A71 /* Products */;
			projectDirPath = "";
			projectRoot = "";
			targets = (
				27BB230C24DF4C7B007B1A71 /* Food Tracker */,
				27BB232224DF4C7E007B1A71 /* Food TrackerTests */,
			);
		};
/* End PBXProject section */

/* Begin PBXResourcesBuildPhase section */
		27BB230B24DF4C7B007B1A71 /* Resources */ = {
			isa = PBXResourcesBuildPhase;
			buildActionMask = 2147483647;
			files = (
				27BB231D24DF4C7D007B1A71 /* LaunchScreen.storyboard in Resources */,
				27BB231A24DF4C7D007B1A71 /* Assets.xcassets in Resources */,
				27BB231824DF4C7B007B1A71 /* Main.storyboard in Resources */,
			);
			runOnlyForDeploymentPostprocessing = 0;
		};
		27BB232124DF4C7E007B1A71 /* Resources */ = {
			isa = PBXResourcesBuildPhase;
			buildActionMask = 2147483647;
			files = (
			);
			runOnlyForDeploymentPostprocessing = 0;
		};
/* End PBXResourcesBuildPhase section */

/* Begin PBXSourcesBuildPhase section */
		27BB230924DF4C7B007B1A71 /* Sources */ = {
			isa = PBXSourcesBuildPhase;
			buildActionMask = 2147483647;
			files = (
				279A1A1324E869FD0030BCFA /* RatingControl.swift in Sources */,
				27BB231524DF4C7B007B1A71 /* ViewController.swift in Sources */,
				27BB231124DF4C7B007B1A71 /* AppDelegate.swift in Sources */,
				27BB231324DF4C7B007B1A71 /* SceneDelegate.swift in Sources */,
			);
			runOnlyForDeploymentPostprocessing = 0;
		};
		27BB231F24DF4C7E007B1A71 /* Sources */ = {
			isa = PBXSourcesBuildPhase;
			buildActionMask = 2147483647;
			files = (
				27BB232824DF4C7E007B1A71 /* Food_TrackerTests.swift in Sources */,
			);
			runOnlyForDeploymentPostprocessing = 0;
		};
/* End PBXSourcesBuildPhase section */

/* Begin PBXTargetDependency section */
		27BB232524DF4C7E007B1A71 /* PBXTargetDependency */ = {
			isa = PBXTargetDependency;
			target = 27BB230C24DF4C7B007B1A71 /* Food Tracker */;
			targetProxy = 27BB232424DF4C7E007B1A71 /* PBXContainerItemProxy */;
		};
/* End PBXTargetDependency section */

/* Begin PBXVariantGroup section */
		27BB231624DF4C7B007B1A71 /* Main.storyboard */ = {
			isa = PBXVariantGroup;
			children = (
				27BB231724DF4C7B007B1A71 /* Base */,
			);
			name = Main.storyboard;
			sourceTree = "<group>";
		};
		27BB231B24DF4C7D007B1A71 /* LaunchScreen.storyboard */ = {
			isa = PBXVariantGroup;
			children = (
				27BB231C24DF4C7D007B1A71 /* Base */,
			);
			name = LaunchScreen.storyboard;
			sourceTree = "<group>";
		};
/* End PBXVariantGroup section */

/* Begin XCBuildConfiguration section */
		27BB232A24DF4C7E007B1A71 /* Debug */ = {
			isa = XCBuildConfiguration;
			buildSettings = {
				ALWAYS_SEARCH_USER_PATHS = NO;
				CLANG_ANALYZER_NONNULL = YES;
				CLANG_ANALYZER_NUMBER_OBJECT_CONVERSION = YES_AGGRESSIVE;
				CLANG_CXX_LANGUAGE_STANDARD = "gnu++14";
				CLANG_CXX_LIBRARY = "libc++";
				CLANG_ENABLE_MODULES = YES;
				CLANG_ENABLE_OBJC_ARC = YES;
				CLANG_ENABLE_OBJC_WEAK = YES;
				CLANG_WARN_BLOCK_CAPTURE_AUTORELEASING = YES;
				CLANG_WARN_BOOL_CONVERSION = YES;
				CLANG_WARN_COMMA = YES;
				CLANG_WARN_CONSTANT_CONVERSION = YES;
				CLANG_WARN_DEPRECATED_OBJC_IMPLEMENTATIONS = YES;
				CLANG_WARN_DIRECT_OBJC_ISA_USAGE = YES_ERROR;
				CLANG_WARN_DOCUMENTATION_COMMENTS = YES;
				CLANG_WARN_EMPTY_BODY = YES;
				CLANG_WARN_ENUM_CONVERSION = YES;
				CLANG_WARN_INFINITE_RECURSION = YES;
				CLANG_WARN_INT_CONVERSION = YES;
				CLANG_WARN_NON_LITERAL_NULL_CONVERSION = YES;
				CLANG_WARN_OBJC_IMPLICIT_RETAIN_SELF = YES;
				CLANG_WARN_OBJC_LITERAL_CONVERSION = YES;
				CLANG_WARN_OBJC_ROOT_CLASS = YES_ERROR;
				CLANG_WARN_RANGE_LOOP_ANALYSIS = YES;
				CLANG_WARN_STRICT_PROTOTYPES = YES;
				CLANG_WARN_SUSPICIOUS_MOVE = YES;
				CLANG_WARN_UNGUARDED_AVAILABILITY = YES_AGGRESSIVE;
				CLANG_WARN_UNREACHABLE_CODE = YES;
				CLANG_WARN__DUPLICATE_METHOD_MATCH = YES;
				COPY_PHASE_STRIP = NO;
				DEBUG_INFORMATION_FORMAT = dwarf;
				ENABLE_STRICT_OBJC_MSGSEND = YES;
				ENABLE_TESTABILITY = YES;
				GCC_C_LANGUAGE_STANDARD = gnu11;
				GCC_DYNAMIC_NO_PIC = NO;
				GCC_NO_COMMON_BLOCKS = YES;
				GCC_OPTIMIZATION_LEVEL = 0;
				GCC_PREPROCESSOR_DEFINITIONS = (
					"DEBUG=1",
					"$(inherited)",
				);
				GCC_WARN_64_TO_32_BIT_CONVERSION = YES;
				GCC_WARN_ABOUT_RETURN_TYPE = YES_ERROR;
				GCC_WARN_UNDECLARED_SELECTOR = YES;
				GCC_WARN_UNINITIALIZED_AUTOS = YES_AGGRESSIVE;
				GCC_WARN_UNUSED_FUNCTION = YES;
				GCC_WARN_UNUSED_VARIABLE = YES;
				IPHONEOS_DEPLOYMENT_TARGET = 13.6;
				MTL_ENABLE_DEBUG_INFO = INCLUDE_SOURCE;
				MTL_FAST_MATH = YES;
				ONLY_ACTIVE_ARCH = YES;
				SDKROOT = iphoneos;
				SWIFT_ACTIVE_COMPILATION_CONDITIONS = DEBUG;
				SWIFT_OPTIMIZATION_LEVEL = "-Onone";
			};
			name = Debug;
		};
		27BB232B24DF4C7E007B1A71 /* Release */ = {
			isa = XCBuildConfiguration;
			buildSettings = {
				ALWAYS_SEARCH_USER_PATHS = NO;
				CLANG_ANALYZER_NONNULL = YES;
				CLANG_ANALYZER_NUMBER_OBJECT_CONVERSION = YES_AGGRESSIVE;
				CLANG_CXX_LANGUAGE_STANDARD = "gnu++14";
				CLANG_CXX_LIBRARY = "libc++";
				CLANG_ENABLE_MODULES = YES;
				CLANG_ENABLE_OBJC_ARC = YES;
				CLANG_ENABLE_OBJC_WEAK = YES;
				CLANG_WARN_BLOCK_CAPTURE_AUTORELEASING = YES;
				CLANG_WARN_BOOL_CONVERSION = YES;
				CLANG_WARN_COMMA = YES;
				CLANG_WARN_CONSTANT_CONVERSION = YES;
				CLANG_WARN_DEPRECATED_OBJC_IMPLEMENTATIONS = YES;
				CLANG_WARN_DIRECT_OBJC_ISA_USAGE = YES_ERROR;
				CLANG_WARN_DOCUMENTATION_COMMENTS = YES;
				CLANG_WARN_EMPTY_BODY = YES;
				CLANG_WARN_ENUM_CONVERSION = YES;
				CLANG_WARN_INFINITE_RECURSION = YES;
				CLANG_WARN_INT_CONVERSION = YES;
				CLANG_WARN_NON_LITERAL_NULL_CONVERSION = YES;
				CLANG_WARN_OBJC_IMPLICIT_RETAIN_SELF = YES;
				CLANG_WARN_OBJC_LITERAL_CONVERSION = YES;
				CLANG_WARN_OBJC_ROOT_CLASS = YES_ERROR;
				CLANG_WARN_RANGE_LOOP_ANALYSIS = YES;
				CLANG_WARN_STRICT_PROTOTYPES = YES;
				CLANG_WARN_SUSPICIOUS_MOVE = YES;
				CLANG_WARN_UNGUARDED_AVAILABILITY = YES_AGGRESSIVE;
				CLANG_WARN_UNREACHABLE_CODE = YES;
				CLANG_WARN__DUPLICATE_METHOD_MATCH = YES;
				COPY_PHASE_STRIP = NO;
				DEBUG_INFORMATION_FORMAT = "dwarf-with-dsym";
				ENABLE_NS_ASSERTIONS = NO;
				ENABLE_STRICT_OBJC_MSGSEND = YES;
				GCC_C_LANGUAGE_STANDARD = gnu11;
				GCC_NO_COMMON_BLOCKS = YES;
				GCC_WARN_64_TO_32_BIT_CONVERSION = YES;
				GCC_WARN_ABOUT_RETURN_TYPE = YES_ERROR;
				GCC_WARN_UNDECLARED_SELECTOR = YES;
				GCC_WARN_UNINITIALIZED_AUTOS = YES_AGGRESSIVE;
				GCC_WARN_UNUSED_FUNCTION = YES;
				GCC_WARN_UNUSED_VARIABLE = YES;
				IPHONEOS_DEPLOYMENT_TARGET = 13.6;
				MTL_ENABLE_DEBUG_INFO = NO;
				MTL_FAST_MATH = YES;
				SDKROOT = iphoneos;
				SWIFT_COMPILATION_MODE = wholemodule;
				SWIFT_OPTIMIZATION_LEVEL = "-O";
				VALIDATE_PRODUCT = YES;
			};
			name = Release;
		};
		27BB232D24DF4C7E007B1A71 /* Debug */ = {
			isa = XCBuildConfiguration;
			buildSettings = {
				ASSETCATALOG_COMPILER_APPICON_NAME = AppIcon;
				CODE_SIGN_STYLE = Automatic;
				INFOPLIST_FILE = "Food Tracker/Info.plist";
				LD_RUNPATH_SEARCH_PATHS = (
					"$(inherited)",
					"@executable_path/Frameworks",
				);
				PRODUCT_BUNDLE_IDENTIFIER = "com.example.Food-Tracker";
				PRODUCT_NAME = "$(TARGET_NAME)";
				SWIFT_VERSION = 5.0;
				TARGETED_DEVICE_FAMILY = "1,2";
			};
			name = Debug;
		};
		27BB232E24DF4C7E007B1A71 /* Release */ = {
			isa = XCBuildConfiguration;
			buildSettings = {
				ASSETCATALOG_COMPILER_APPICON_NAME = AppIcon;
				CODE_SIGN_STYLE = Automatic;
				INFOPLIST_FILE = "Food Tracker/Info.plist";
				LD_RUNPATH_SEARCH_PATHS = (
					"$(inherited)",
					"@executable_path/Frameworks",
				);
				PRODUCT_BUNDLE_IDENTIFIER = "com.example.Food-Tracker";
				PRODUCT_NAME = "$(TARGET_NAME)";
				SWIFT_VERSION = 5.0;
				TARGETED_DEVICE_FAMILY = "1,2";
			};
			name = Release;
		};
		27BB233024DF4C7E007B1A71 /* Debug */ = {
			isa = XCBuildConfiguration;
			buildSettings = {
				ALWAYS_EMBED_SWIFT_STANDARD_LIBRARIES = YES;
				BUNDLE_LOADER = "$(TEST_HOST)";
				CODE_SIGN_STYLE = Automatic;
				INFOPLIST_FILE = "Food TrackerTests/Info.plist";
				IPHONEOS_DEPLOYMENT_TARGET = 13.6;
				LD_RUNPATH_SEARCH_PATHS = (
					"$(inherited)",
					"@executable_path/Frameworks",
					"@loader_path/Frameworks",
				);
				PRODUCT_BUNDLE_IDENTIFIER = "com.example.Food-TrackerTests";
				PRODUCT_NAME = "$(TARGET_NAME)";
				SWIFT_VERSION = 5.0;
				TARGETED_DEVICE_FAMILY = "1,2";
				TEST_HOST = "$(BUILT_PRODUCTS_DIR)/Food Tracker.app/Food Tracker";
			};
			name = Debug;
		};
		27BB233124DF4C7E007B1A71 /* Release */ = {
			isa = XCBuildConfiguration;
			buildSettings = {
				ALWAYS_EMBED_SWIFT_STANDARD_LIBRARIES = YES;
				BUNDLE_LOADER = "$(TEST_HOST)";
				CODE_SIGN_STYLE = Automatic;
				INFOPLIST_FILE = "Food TrackerTests/Info.plist";
				IPHONEOS_DEPLOYMENT_TARGET = 13.6;
				LD_RUNPATH_SEARCH_PATHS = (
					"$(inherited)",
					"@executable_path/Frameworks",
					"@loader_path/Frameworks",
				);
				PRODUCT_BUNDLE_IDENTIFIER = "com.example.Food-TrackerTests";
				PRODUCT_NAME = "$(TARGET_NAME)";
				SWIFT_VERSION = 5.0;
				TARGETED_DEVICE_FAMILY = "1,2";
				TEST_HOST = "$(BUILT_PRODUCTS_DIR)/Food Tracker.app/Food Tracker";
			};
			name = Release;
		};
/* End XCBuildConfiguration section */

/* Begin XCConfigurationList section */
		27BB230824DF4C7B007B1A71 /* Build configuration list for PBXProject "Food Tracker" */ = {
			isa = XCConfigurationList;
			buildConfigurations = (
				27BB232A24DF4C7E007B1A71 /* Debug */,
				27BB232B24DF4C7E007B1A71 /* Release */,
			);
			defaultConfigurationIsVisible = 0;
			defaultConfigurationName = Release;
		};
		27BB232C24DF4C7E007B1A71 /* Build configuration list for PBXNativeTarget "Food Tracker" */ = {
			isa = XCConfigurationList;
			buildConfigurations = (
				27BB232D24DF4C7E007B1A71 /* Debug */,
				27BB232E24DF4C7E007B1A71 /* Release */,
			);
			defaultConfigurationIsVisible = 0;
			defaultConfigurationName = Release;
		};
		27BB232F24DF4C7E007B1A71 /* Build configuration list for PBXNativeTarget "Food TrackerTests" */ = {
			isa = XCConfigurationList;
			buildConfigurations = (
				27BB233024DF4C7E007B1A71 /* Debug */,
				27BB233124DF4C7E007B1A71 /* Release */,
			);
			defaultConfigurationIsVisible = 0;
			defaultConfigurationName = Release;
		};
/* End XCConfigurationList section */
	};
	rootObject = 27BB230524DF4C7B007B1A71 /* Project object */;
}
